# Generated by pub
# See https://dart.dev/tools/pub/glossary#lockfile
packages:
  _fe_analyzer_shared:
    dependency: "direct overridden"
    description:
      path: "/Users/huangrong/.pub-cache/git/sdk-54588cb8088890ea08fe1a31b95efe478a4609b5/pkg/_fe_analyzer_shared/"
      relative: false
    source: path
    version: "82.0.0"
  _js_interop_checks:
    dependency: "direct overridden"
    description:
      path: "/Users/huangrong/.pub-cache/git/sdk-54588cb8088890ea08fe1a31b95efe478a4609b5/pkg/_js_interop_checks/"
      relative: false
    source: path
    version: "0.0.0"
  analysis_server:
    dependency: "direct overridden"
    description:
      path: "/Users/huangrong/.pub-cache/git/sdk-54588cb8088890ea08fe1a31b95efe478a4609b5/pkg/analysis_server/"
      relative: false
    source: path
    version: "0.0.0"
  analysis_server_client:
    dependency: "direct overridden"
    description:
      path: "/Users/huangrong/.pub-cache/git/sdk-54588cb8088890ea08fe1a31b95efe478a4609b5/pkg/analysis_server_client/"
      relative: false
    source: path
    version: "0.0.0"
  analysis_server_plugin:
    dependency: "direct overridden"
    description:
      path: "/Users/huangrong/.pub-cache/git/sdk-54588cb8088890ea08fe1a31b95efe478a4609b5/pkg/analysis_server_plugin/"
      relative: false
    source: path
    version: "0.2.0-dev"
  analyzer:
    dependency: "direct overridden"
    description:
      path: "/Users/huangrong/.pub-cache/git/sdk-54588cb8088890ea08fe1a31b95efe478a4609b5/pkg/analyzer/"
      relative: false
    source: path
    version: "8.0.0-dev"
  analyzer_cli:
    dependency: "direct overridden"
    description:
      path: "/Users/huangrong/.pub-cache/git/sdk-54588cb8088890ea08fe1a31b95efe478a4609b5/pkg/analyzer_cli/"
      relative: false
    source: path
    version: "0.0.0"
  analyzer_plugin:
    dependency: "direct overridden"
    description:
      path: "/Users/huangrong/.pub-cache/git/sdk-54588cb8088890ea08fe1a31b95efe478a4609b5/pkg/analyzer_plugin/"
      relative: false
    source: path
    version: "0.13.1-wip"
  analyzer_testing:
    dependency: "direct overridden"
    description:
      path: "/Users/huangrong/.pub-cache/git/sdk-54588cb8088890ea08fe1a31b95efe478a4609b5/pkg/analyzer_testing/"
      relative: false
    source: path
    version: "0.0.0"
  analyzer_utilities:
    dependency: "direct overridden"
    description:
      path: "/Users/huangrong/.pub-cache/git/sdk-54588cb8088890ea08fe1a31b95efe478a4609b5/pkg/analyzer_utilities/"
      relative: false
    source: path
    version: "0.0.0"
  args:
    dependency: transitive
    description:
      name: args
      sha256: d0481093c50b1da8910eb0bb301626d4d8eb7284aa739614d2b394ee09e3ea04
      url: "https://pub.flutter-io.cn"
    source: hosted
    version: "2.7.0"
  async:
    dependency: transitive
    description:
      name: async
      sha256: "758e6d74e971c3e5aceb4110bfd6698efc7f501675bcfe0c775459a8140750eb"
      url: "https://pub.flutter-io.cn"
    source: hosted
    version: "2.13.0"
  async_helper:
    dependency: "direct overridden"
    description:
      path: "/Users/huangrong/.pub-cache/git/sdk-54588cb8088890ea08fe1a31b95efe478a4609b5/pkg/async_helper/"
      relative: false
    source: path
    version: "0.0.0"
  bazel_worker:
    dependency: transitive
    description:
      name: bazel_worker
      sha256: "373a6ef07caa6c674c1cf144a5fe1e0f712c040552031ce669f298e35f7e110a"
      url: "https://pub.flutter-io.cn"
    source: hosted
    version: "1.1.3"
  bisect_dart:
    dependency: "direct overridden"
    description:
      path: "/Users/huangrong/.pub-cache/git/sdk-54588cb8088890ea08fe1a31b95efe478a4609b5/pkg/bisect_dart/"
      relative: false
    source: path
    version: "0.0.0"
  boolean_selector:
    dependency: transitive
    description:
      name: boolean_selector
      sha256: "8aab1771e1243a5063b8b0ff68042d67334e3feab9e95b9490f9a6ebf73b42ea"
      url: "https://pub.flutter-io.cn"
    source: hosted
    version: "2.1.2"
  browser_launcher:
    dependency: transitive
    description:
      name: browser_launcher
      sha256: ca2557663d3033845f2ef2b60f94fc249528324fd1affddccb7c63ac0ccd6c67
      url: "https://pub.flutter-io.cn"
    source: hosted
    version: "1.1.3"
  build_integration:
    dependency: "direct overridden"
    description:
      path: "/Users/huangrong/.pub-cache/git/sdk-54588cb8088890ea08fe1a31b95efe478a4609b5/pkg/build_integration/"
      relative: false
    source: path
    version: "0.0.0"
  cli_config:
    dependency: transitive
    description:
      name: cli_config
      sha256: ac20a183a07002b700f0c25e61b7ee46b23c309d76ab7b7640a028f18e4d99ec
      url: "https://pub.flutter-io.cn"
    source: hosted
    version: "0.2.0"
  cli_util:
    dependency: transitive
    description:
      name: cli_util
      sha256: ff6785f7e9e3c38ac98b2fb035701789de90154024a75b6cb926445e83197d1c
      url: "https://pub.flutter-io.cn"
    source: hosted
    version: "0.4.2"
  clock:
    dependency: transitive
    description:
      name: clock
      sha256: fddb70d9b5277016c77a80201021d40a2247104d9f4aa7bab7157b7e3f05b84b
      url: "https://pub.flutter-io.cn"
    source: hosted
    version: "1.1.2"
  code_assets:
    dependency: transitive
    description:
      name: code_assets
      sha256: "5865a34983367f6884e8311f67d9ae459945b99bad20c0e66484a1aae7feaae0"
      url: "https://pub.flutter-io.cn"
    source: hosted
    version: "0.19.7"
  collection:
    dependency: transitive
    description:
      name: collection
      sha256: "2f5709ae4d3d59dd8f7cd309b4e023046b57d8a6c82130785d2b0e5868084e76"
      url: "https://pub.flutter-io.cn"
    source: hosted
    version: "1.19.1"
  compiler:
    dependency: "direct overridden"
    description:
      path: "/Users/huangrong/.pub-cache/git/sdk-54588cb8088890ea08fe1a31b95efe478a4609b5/pkg/compiler/"
      relative: false
    source: path
    version: "0.0.0"
  convert:
    dependency: transitive
    description:
      name: convert
      sha256: b30acd5944035672bc15c6b7a8b47d773e41e2f17de064350988c5d02adb1c68
      url: "https://pub.flutter-io.cn"
    source: hosted
    version: "3.1.2"
  coverage:
    dependency: transitive
    description:
      name: coverage
      sha256: "5da775aa218eaf2151c721b16c01c7676fbfdd99cebba2bf64e8b807a28ff94d"
      url: "https://pub.flutter-io.cn"
    source: hosted
    version: "1.15.0"
  crypto:
    dependency: transitive
    description:
      name: crypto
      sha256: "1e445881f28f22d6140f181e07737b22f1e099a5e1ff94b0af2f9e4a463f4855"
      url: "https://pub.flutter-io.cn"
    source: hosted
    version: "3.0.6"
  csslib:
    dependency: transitive
    description:
      name: csslib
      sha256: "09bad715f418841f976c77db72d5398dc1253c21fb9c0c7f0b0b985860b2d58e"
      url: "https://pub.flutter-io.cn"
    source: hosted
    version: "1.0.2"
  dap:
    dependency: "direct overridden"
    description:
      path: "/Users/huangrong/.pub-cache/git/sdk-54588cb8088890ea08fe1a31b95efe478a4609b5/third_party/pkg/dap/"
      relative: false
    source: path
    version: "1.4.0"
  dart2bytecode:
    dependency: "direct overridden"
    description:
      path: "/Users/huangrong/.pub-cache/git/sdk-54588cb8088890ea08fe1a31b95efe478a4609b5/pkg/dart2bytecode/"
      relative: false
    source: path
    version: "0.0.0"
  dart2js_info:
    dependency: "direct overridden"
    description:
      path: "/Users/huangrong/.pub-cache/git/sdk-54588cb8088890ea08fe1a31b95efe478a4609b5/pkg/dart2js_info/"
      relative: false
    source: path
    version: "0.0.0"
  dart2js_runtime_metrics:
    dependency: "direct overridden"
    description:
      path: "/Users/huangrong/.pub-cache/git/sdk-54588cb8088890ea08fe1a31b95efe478a4609b5/pkg/dart2js_runtime_metrics/"
      relative: false
    source: path
    version: "0.2.0"
  dart2js_tools:
    dependency: "direct overridden"
    description:
      path: "/Users/huangrong/.pub-cache/git/sdk-54588cb8088890ea08fe1a31b95efe478a4609b5/pkg/dart2js_tools/"
      relative: false
    source: path
    version: "0.0.0"
  dart2native:
    dependency: "direct overridden"
    description:
      path: "/Users/huangrong/.pub-cache/git/sdk-54588cb8088890ea08fe1a31b95efe478a4609b5/pkg/dart2native/"
      relative: false
    source: path
    version: "0.0.0"
  dart2wasm:
    dependency: "direct overridden"
    description:
      path: "/Users/huangrong/.pub-cache/git/sdk-54588cb8088890ea08fe1a31b95efe478a4609b5/pkg/dart2wasm/"
      relative: false
    source: path
    version: "0.0.0"
  dart_internal:
    dependency: "direct overridden"
    description:
      path: "/Users/huangrong/.pub-cache/git/sdk-54588cb8088890ea08fe1a31b95efe478a4609b5/pkg/dart_internal/"
      relative: false
    source: path
    version: "0.2.15"
  dart_service_protocol_shared:
    dependency: "direct overridden"
    description:
      path: "/Users/huangrong/.pub-cache/git/sdk-54588cb8088890ea08fe1a31b95efe478a4609b5/pkg/dart_service_protocol_shared/"
      relative: false
    source: path
    version: "0.0.3"
  dart_style:
    dependency: transitive
    description:
      name: dart_style
      sha256: c87dfe3d56f183ffe9106a18aebc6db431fc7c98c31a54b952a77f3d54a85697
      url: "https://pub.flutter-io.cn"
    source: hosted
    version: "3.1.2"
  dartdoc:
    dependency: "direct overridden"
    description:
      path: "/Users/huangrong/.pub-cache/git/dartdoc-882aea9351262d618c955322f4c9aafe9540b848/"
      relative: false
    source: path
    version: "9.0.0-wip"
  dds:
    dependency: "direct overridden"
    description:
      path: "/Users/huangrong/.pub-cache/git/sdk-54588cb8088890ea08fe1a31b95efe478a4609b5/pkg/dds/"
      relative: false
    source: path
    version: "5.0.5"
  dds_service_extensions:
    dependency: "direct overridden"
    description:
      path: "/Users/huangrong/.pub-cache/git/sdk-54588cb8088890ea08fe1a31b95efe478a4609b5/pkg/dds_service_extensions/"
      relative: false
    source: path
    version: "2.0.2"
  dev_compiler:
    dependency: "direct overridden"
    description:
      path: "/Users/huangrong/.pub-cache/git/sdk-54588cb8088890ea08fe1a31b95efe478a4609b5/pkg/dev_compiler/"
      relative: false
    source: path
    version: "0.0.0"
  devtools_shared:
    dependency: transitive
    description:
      name: devtools_shared
      sha256: "275e48a8a145fa09c7ae433a96fd433c01cc079d39b40acf5ba883236ae2c887"
      url: "https://pub.flutter-io.cn"
    source: hosted
    version: "12.0.0"
  dtd:
    dependency: "direct overridden"
    description:
      path: "/Users/huangrong/.pub-cache/git/sdk-54588cb8088890ea08fe1a31b95efe478a4609b5/pkg/dtd/"
      relative: false
    source: path
    version: "4.0.0"
  dtd_impl:
    dependency: "direct overridden"
    description:
      path: "/Users/huangrong/.pub-cache/git/sdk-54588cb8088890ea08fe1a31b95efe478a4609b5/pkg/dtd_impl/"
      relative: false
    source: path
    version: "0.0.0"
  dynamic_modules:
    dependency: "direct overridden"
    description:
      path: "/Users/huangrong/.pub-cache/git/sdk-54588cb8088890ea08fe1a31b95efe478a4609b5/pkg/dynamic_modules/"
      relative: false
    source: path
    version: "0.0.0"
  expect:
    dependency: "direct overridden"
    description:
      path: "/Users/huangrong/.pub-cache/git/sdk-54588cb8088890ea08fe1a31b95efe478a4609b5/pkg/expect/"
      relative: false
    source: path
    version: "0.0.0"
  extension_discovery:
    dependency: transitive
    description:
      name: extension_discovery
      sha256: de1fce715ab013cdfb00befc3bdf0914bea5e409c3a567b7f8f144bc061611a7
      url: "https://pub.flutter-io.cn"
    source: hosted
    version: "2.1.0"
  ffi:
    dependency: transitive
    description:
      name: ffi
      sha256: "289279317b4b16eb2bb7e271abccd4bf84ec9bdcbe999e278a94b804f5630418"
      url: "https://pub.flutter-io.cn"
    source: hosted
    version: "2.1.4"
  file:
    dependency: transitive
    description:
      name: file
      sha256: a3b4f84adafef897088c160faf7dfffb7696046cb13ae90b508c2cbc95d3b8d4
      url: "https://pub.flutter-io.cn"
    source: hosted
    version: "7.0.1"
  fixnum:
    dependency: transitive
    description:
      name: fixnum
      sha256: b6dc7065e46c974bc7c5f143080a6764ec7a4be6da1285ececdc37be96de53be
      url: "https://pub.flutter-io.cn"
    source: hosted
    version: "1.1.1"
  front_end:
    dependency: "direct overridden"
    description:
      path: "/Users/huangrong/.pub-cache/git/sdk-54588cb8088890ea08fe1a31b95efe478a4609b5/pkg/front_end/"
      relative: false
    source: path
    version: "0.0.0"
  frontend_server:
    dependency: "direct overridden"
    description:
      path: "/Users/huangrong/.pub-cache/git/sdk-54588cb8088890ea08fe1a31b95efe478a4609b5/pkg/frontend_server/"
      relative: false
    source: path
    version: "0.0.0"
  frontend_server_client:
    dependency: transitive
    description:
      name: frontend_server_client
      sha256: f64a0333a82f30b0cca061bc3d143813a486dc086b574bfb233b7c1372427694
      url: "https://pub.flutter-io.cn"
    source: hosted
    version: "4.0.0"
  glob:
    dependency: transitive
    description:
      name: glob
      sha256: c3f1ee72c96f8f78935e18aa8cecced9ab132419e8625dc187e1c2408efc20de
      url: "https://pub.flutter-io.cn"
    source: hosted
    version: "2.1.3"
  graphs:
    dependency: transitive
    description:
      name: graphs
      sha256: "741bbf84165310a68ff28fe9e727332eef1407342fca52759cb21ad8177bb8d0"
      url: "https://pub.flutter-io.cn"
    source: hosted
    version: "2.3.2"
  heap_snapshot:
    dependency: "direct overridden"
    description:
      path: "/Users/huangrong/.pub-cache/git/sdk-54588cb8088890ea08fe1a31b95efe478a4609b5/pkg/heap_snapshot/"
      relative: false
    source: path
    version: "0.0.0"
  hooks:
    dependency: transitive
    description:
      name: hooks
      sha256: "22abd27b650a571e53576abe732e4d9053aacaaa6dee23e9ff106c63e3e5b96c"
      url: "https://pub.flutter-io.cn"
    source: hosted
    version: "0.20.1"
  html:
    dependency: transitive
    description:
      name: html
      sha256: "6d1264f2dffa1b1101c25a91dff0dc2daee4c18e87cd8538729773c073dbf602"
      url: "https://pub.flutter-io.cn"
    source: hosted
    version: "0.15.6"
  http:
    dependency: "direct overridden"
    description:
      path: "/Users/huangrong/.pub-cache/git/http-7d2d87ebfba86035a9ca6b79160ccc2ac1253c0c/pkgs/http/"
      relative: false
    source: path
    version: "1.4.1-wip"
  http_multi_server:
    dependency: transitive
    description:
      name: http_multi_server
      sha256: aa6199f908078bb1c5efb8d8638d4ae191aac11b311132c3ef48ce352fb52ef8
      url: "https://pub.flutter-io.cn"
    source: hosted
    version: "3.2.2"
  http_parser:
    dependency: transitive
    description:
      name: http_parser
      sha256: "178d74305e7866013777bab2c3d8726205dc5a4dd935297175b19a23a2e66571"
      url: "https://pub.flutter-io.cn"
    source: hosted
    version: "4.1.2"
  io:
    dependency: transitive
    description:
      name: io
      sha256: dfd5a80599cf0165756e3181807ed3e77daf6dd4137caaad72d0b7931597650b
      url: "https://pub.flutter-io.cn"
    source: hosted
    version: "1.0.5"
  js:
    dependency: "direct overridden"
    description:
      path: "/Users/huangrong/.pub-cache/git/sdk-54588cb8088890ea08fe1a31b95efe478a4609b5/pkg/js/"
      relative: false
    source: path
    version: "0.7.2"
  js_ast:
    dependency: "direct overridden"
    description:
      path: "/Users/huangrong/.pub-cache/git/sdk-54588cb8088890ea08fe1a31b95efe478a4609b5/pkg/js_ast/"
      relative: false
    source: path
    version: "0.0.0"
  js_runtime:
    dependency: "direct overridden"
    description:
      path: "/Users/huangrong/.pub-cache/git/sdk-54588cb8088890ea08fe1a31b95efe478a4609b5/pkg/js_runtime/"
      relative: false
    source: path
    version: "0.0.0"
  js_shared:
    dependency: "direct overridden"
    description:
      path: "/Users/huangrong/.pub-cache/git/sdk-54588cb8088890ea08fe1a31b95efe478a4609b5/pkg/js_shared/"
      relative: false
    source: path
    version: "0.0.0"
  json_rpc_2:
    dependency: transitive
    description:
      name: json_rpc_2
      sha256: "3c46c2633aec07810c3d6a2eb08d575b5b4072980db08f1344e66aeb53d6e4a7"
      url: "https://pub.flutter-io.cn"
    source: hosted
    version: "4.0.0"
  kernel:
    dependency: "direct overridden"
    description:
      path: "/Users/huangrong/.pub-cache/git/sdk-54588cb8088890ea08fe1a31b95efe478a4609b5/pkg/kernel/"
      relative: false
    source: path
    version: "0.0.0"
  language_server_protocol:
    dependency: "direct overridden"
    description:
      path: "/Users/huangrong/.pub-cache/git/sdk-54588cb8088890ea08fe1a31b95efe478a4609b5/third_party/pkg/language_server_protocol/"
      relative: false
    source: path
    version: "0.0.0"
  linter:
    dependency: "direct overridden"
    description:
      path: "/Users/huangrong/.pub-cache/git/sdk-54588cb8088890ea08fe1a31b95efe478a4609b5/pkg/linter/"
      relative: false
    source: path
    version: "0.0.0"
  logging:
    dependency: transitive
    description:
      name: logging
      sha256: c8245ada5f1717ed44271ed1c26b8ce85ca3228fd2ffdb75468ab01979309d61
      url: "https://pub.flutter-io.cn"
    source: hosted
    version: "1.3.0"
  markdown:
    dependency: transitive
    description:
      name: markdown
      sha256: "935e23e1ff3bc02d390bad4d4be001208ee92cc217cb5b5a6c19bc14aaa318c1"
      url: "https://pub.flutter-io.cn"
    source: hosted
    version: "7.3.0"
  matcher:
    dependency: transitive
    description:
      name: matcher
      sha256: dc58c723c3c24bf8d3e2d3ad3f2f9d7bd9cf43ec6feaa64181775e60190153f2
      url: "https://pub.flutter-io.cn"
    source: hosted
    version: "0.12.17"
  memory_usage:
    dependency: transitive
    description:
      name: memory_usage
      sha256: e6c6c7b35917757d566f9eb11bb26ed44784c88cd8ce055f04d93c44b828a68c
      url: "https://pub.flutter-io.cn"
    source: hosted
    version: "0.1.0"
  meta:
    dependency: "direct overridden"
    description:
      path: "/Users/huangrong/.pub-cache/git/sdk-54588cb8088890ea08fe1a31b95efe478a4609b5/pkg/meta/"
      relative: false
    source: path
    version: "1.17.0"
  mime:
    dependency: transitive
    description:
      name: mime
      sha256: "41a20518f0cb1256669420fdba0cd90d21561e560ac240f26ef8322e45bb7ed6"
      url: "https://pub.flutter-io.cn"
    source: hosted
    version: "2.0.0"
  mmap:
    dependency: "direct overridden"
    description:
      path: "/Users/huangrong/.pub-cache/git/sdk-54588cb8088890ea08fe1a31b95efe478a4609b5/pkg/mmap/"
      relative: false
    source: path
    version: "0.0.0"
  modular_test:
    dependency: "direct overridden"
    description:
      path: "/Users/huangrong/.pub-cache/git/sdk-54588cb8088890ea08fe1a31b95efe478a4609b5/pkg/modular_test/"
      relative: false
    source: path
    version: "0.0.0"
  native_stack_traces:
    dependency: "direct overridden"
    description:
      path: "/Users/huangrong/.pub-cache/git/sdk-54588cb8088890ea08fe1a31b95efe478a4609b5/pkg/native_stack_traces/"
      relative: false
    source: path
    version: "0.6.1"
  node_preamble:
    dependency: "direct overridden"
    description:
      path: "/Users/huangrong/.pub-cache/git/sdk-54588cb8088890ea08fe1a31b95efe478a4609b5/pkg/node_preamble/"
      relative: false
    source: path
    version: "0.0.0"
  observatory:
    dependency: "direct overridden"
    description:
      path: "/Users/huangrong/.pub-cache/git/sdk-54588cb8088890ea08fe1a31b95efe478a4609b5/pkg/observatory/"
      relative: false
    source: path
    version: "0.0.0"
  package_config:
    dependency: transitive
    description:
      name: package_config
      sha256: f096c55ebb7deb7e384101542bfba8c52696c1b56fca2eb62827989ef2353bbc
      url: "https://pub.flutter-io.cn"
    source: hosted
    version: "2.2.0"
  path:
    dependency: transitive
    description:
      name: path
      sha256: "75cca69d1490965be98c73ceaea117e8a04dd21217b37b292c9ddbec0d955bc5"
      url: "https://pub.flutter-io.cn"
    source: hosted
    version: "1.9.1"
  pool:
    dependency: transitive
    description:
      name: pool
      sha256: "978783255c543aa3586a1b3c21f6e9d720eb315376a915872c61ef8b5c20177d"
      url: "https://pub.flutter-io.cn"
    source: hosted
    version: "1.5.2"
  protobuf:
    dependency: "direct overridden"
    description:
      path: "/Users/huangrong/.pub-cache/git/protobuf-bce362dec347ae3cca085bd28db2aa2649f754e5/protobuf/"
      relative: false
    source: path
    version: "4.1.0"
  pub:
    dependency: "direct overridden"
    description:
      path: "/Users/huangrong/.pub-cache/git/pub-c3e50919d11896f014cb971e1776d00a0e2d18b3/"
      relative: false
    source: path
    version: "0.0.0"
  pub_semver:
    dependency: transitive
    description:
      name: pub_semver
      sha256: "5bfcf68ca79ef689f8990d1160781b4bad40a3bd5e5218ad4076ddb7f4081585"
      url: "https://pub.flutter-io.cn"
    source: hosted
    version: "2.2.0"
  record_use:
    dependency: "direct overridden"
    description:
      path: "/Users/huangrong/.pub-cache/git/sdk-54588cb8088890ea08fe1a31b95efe478a4609b5/pkg/record_use/"
      relative: false
    source: path
    version: "0.4.1"
  reload_test:
    dependency: "direct overridden"
    description:
      path: "/Users/huangrong/.pub-cache/git/sdk-54588cb8088890ea08fe1a31b95efe478a4609b5/pkg/reload_test/"
      relative: false
    source: path
    version: "0.0.0"
  scrape:
    dependency: "direct overridden"
    description:
      path: "/Users/huangrong/.pub-cache/git/sdk-54588cb8088890ea08fe1a31b95efe478a4609b5/pkg/scrape/"
      relative: false
    source: path
    version: "0.0.0"
  shelf:
    dependency: "direct overridden"
    description:
      path: "/Users/huangrong/.pub-cache/git/shelf-082d3ac2d13a98700d8148e8fad8f3e12a6fd0e1/pkgs/shelf/"
      relative: false
    source: path
    version: "1.4.3-wip"
  shelf_packages_handler:
    dependency: transitive
    description:
      name: shelf_packages_handler
      sha256: "89f967eca29607c933ba9571d838be31d67f53f6e4ee15147d5dc2934fee1b1e"
      url: "https://pub.flutter-io.cn"
    source: hosted
    version: "3.0.2"
  shelf_proxy:
    dependency: transitive
    description:
      name: shelf_proxy
      sha256: a71d2307f4393211930c590c3d2c00630f6c5a7a77edc1ef6436dfd85a6a7ee3
      url: "https://pub.flutter-io.cn"
    source: hosted
    version: "1.0.4"
  shelf_static:
    dependency: transitive
    description:
      name: shelf_static
      sha256: c87c3875f91262785dade62d135760c2c69cb217ac759485334c5857ad89f6e3
      url: "https://pub.flutter-io.cn"
    source: hosted
    version: "1.1.3"
  shelf_web_socket:
    dependency: transitive
    description:
      name: shelf_web_socket
      sha256: "3632775c8e90d6c9712f883e633716432a27758216dfb61bd86a8321c0580925"
      url: "https://pub.flutter-io.cn"
    source: hosted
    version: "3.0.0"
  shell_arg_splitter:
    dependency: "direct overridden"
    description:
      path: "/Users/huangrong/.pub-cache/git/sdk-54588cb8088890ea08fe1a31b95efe478a4609b5/pkg/shell_arg_splitter/"
      relative: false
    source: path
    version: "0.0.0"
  smith:
    dependency: "direct overridden"
    description:
      path: "/Users/huangrong/.pub-cache/git/sdk-54588cb8088890ea08fe1a31b95efe478a4609b5/pkg/smith/"
      relative: false
    source: path
    version: "0.0.0"
  source_map_stack_trace:
    dependency: transitive
    description:
      name: source_map_stack_trace
      sha256: c0713a43e323c3302c2abe2a1cc89aa057a387101ebd280371d6a6c9fa68516b
      url: "https://pub.flutter-io.cn"
    source: hosted
    version: "2.1.2"
  source_maps:
    dependency: transitive
    description:
      name: source_maps
      sha256: "190222579a448b03896e0ca6eca5998fa810fda630c1d65e2f78b3f638f54812"
      url: "https://pub.flutter-io.cn"
    source: hosted
    version: "0.10.13"
  source_span:
    dependency: transitive
    description:
      name: source_span
      sha256: "254ee5351d6cb365c859e20ee823c3bb479bf4a293c22d17a9f1bf144ce86f7c"
      url: "https://pub.flutter-io.cn"
    source: hosted
    version: "1.10.1"
  sourcemap_testing:
    dependency: "direct overridden"
    description:
      path: "/Users/huangrong/.pub-cache/git/sdk-54588cb8088890ea08fe1a31b95efe478a4609b5/pkg/sourcemap_testing/"
      relative: false
    source: path
    version: "0.0.0"
  sse:
    dependency: transitive
    description:
      name: sse
      sha256: fcc97470240bb37377f298e2bd816f09fd7216c07928641c0560719f50603643
      url: "https://pub.flutter-io.cn"
    source: hosted
    version: "4.1.8"
  stack_trace:
    dependency: transitive
    description:
      name: stack_trace
      sha256: "8b27215b45d22309b5cddda1aa2b19bdfec9df0e765f2de506401c071d38d1b1"
      url: "https://pub.flutter-io.cn"
    source: hosted
    version: "1.12.1"
  status_file:
    dependency: "direct overridden"
    description:
      path: "/Users/huangrong/.pub-cache/git/sdk-54588cb8088890ea08fe1a31b95efe478a4609b5/pkg/status_file/"
      relative: false
    source: path
    version: "0.0.0"
  stream_channel:
    dependency: transitive
    description:
      name: stream_channel
      sha256: "969e04c80b8bcdf826f8f16579c7b14d780458bd97f56d107d3950fdbeef059d"
      url: "https://pub.flutter-io.cn"
    source: hosted
    version: "2.1.4"
  string_scanner:
    dependency: transitive
    description:
      name: string_scanner
      sha256: "921cd31725b72fe181906c6a94d987c78e3b98c2e205b397ea399d4054872b43"
      url: "https://pub.flutter-io.cn"
    source: hosted
    version: "1.4.1"
  sync_http:
    dependency: "direct overridden"
    description:
      path: "/Users/huangrong/.pub-cache/git/sync_http-c07f96f89a7eec7e3daac641fa6c587224fcfbaa/"
      relative: false
    source: path
    version: "0.3.2-wip"
  tar:
    dependency: "direct overridden"
    description:
      path: "/Users/huangrong/.pub-cache/git/tar-5a1ea943e70cdf3fa5e1102cdbb9418bd9b4b81a/"
      relative: false
    source: path
    version: "2.0.0"
  telemetry:
    dependency: "direct overridden"
    description:
      path: "/Users/huangrong/.pub-cache/git/sdk-54588cb8088890ea08fe1a31b95efe478a4609b5/pkg/telemetry/"
      relative: false
    source: path
    version: "0.0.0"
  term_glyph:
    dependency: transitive
    description:
      name: term_glyph
      sha256: "7f554798625ea768a7518313e58f83891c7f5024f88e46e7182a4558850a4b8e"
      url: "https://pub.flutter-io.cn"
    source: hosted
    version: "1.2.2"
  test:
    dependency: "direct overridden"
    description:
      path: "/Users/huangrong/.pub-cache/git/test-2be5ca067bdf09e999be2ad760ab8efab854e789/pkgs/test/"
      relative: false
    source: path
    version: "1.26.2"
  test_api:
    dependency: "direct overridden"
    description:
      path: "/Users/huangrong/.pub-cache/git/test-2be5ca067bdf09e999be2ad760ab8efab854e789/pkgs/test_api/"
      relative: false
    source: path
    version: "0.7.6"
  test_core:
    dependency: "direct overridden"
    description:
      path: "/Users/huangrong/.pub-cache/git/test-2be5ca067bdf09e999be2ad760ab8efab854e789/pkgs/test_core/"
      relative: false
    source: path
    version: "0.6.11"
  test_runner:
    dependency: "direct overridden"
    description:
      path: "/Users/huangrong/.pub-cache/git/sdk-54588cb8088890ea08fe1a31b95efe478a4609b5/pkg/test_runner/"
      relative: false
    source: path
    version: "0.0.0"
  testing:
    dependency: "direct overridden"
    description:
      path: "/Users/huangrong/.pub-cache/git/sdk-54588cb8088890ea08fe1a31b95efe478a4609b5/pkg/testing/"
      relative: false
    source: path
    version: "0.0.0"
  typed_data:
    dependency: transitive
    description:
      name: typed_data
      sha256: f9049c039ebfeb4cf7a7104a675823cd72dba8297f264b6637062516699fa006
      url: "https://pub.flutter-io.cn"
    source: hosted
    version: "1.4.0"
  unified_analytics:
    dependency: transitive
    description:
      name: unified_analytics
      sha256: "8d1429a4b27320a9c4fc854287d18c8fde1549bf622165c5837202a9f370b53d"
      url: "https://pub.flutter-io.cn"
    source: hosted
    version: "8.0.5"
  vector_math:
    dependency: "direct overridden"
    description:
      path: "/Users/huangrong/.pub-cache/git/vector_math.dart-13f185f7e97d559e003f5ac79201da12f9a01049/"
      relative: false
    source: path
    version: "2.2.0"
  vm:
    dependency: "direct overridden"
    description:
      path: "/Users/huangrong/.pub-cache/git/sdk-54588cb8088890ea08fe1a31b95efe478a4609b5/pkg/vm/"
      relative: false
    source: path
    version: "0.0.0"
  vm_service:
    dependency: "direct overridden"
    description:
      path: "/Users/huangrong/.pub-cache/git/sdk-54588cb8088890ea08fe1a31b95efe478a4609b5/pkg/vm_service/"
      relative: false
    source: path
    version: "15.0.2"
  vm_service_interface:
    dependency: "direct overridden"
    description:
      path: "/Users/huangrong/.pub-cache/git/sdk-54588cb8088890ea08fe1a31b95efe478a4609b5/pkg/vm_service_interface/"
      relative: false
    source: path
    version: "2.0.1"
  vm_service_protos:
    dependency: "direct overridden"
    description:
      path: "/Users/huangrong/.pub-cache/git/sdk-54588cb8088890ea08fe1a31b95efe478a4609b5/pkg/vm_service_protos/"
      relative: false
    source: path
    version: "2.0.0"
  vm_snapshot_analysis:
    dependency: "direct overridden"
    description:
      path: "/Users/huangrong/.pub-cache/git/sdk-54588cb8088890ea08fe1a31b95efe478a4609b5/pkg/vm_snapshot_analysis/"
      relative: false
    source: path
    version: "0.7.6"
  wasm_builder:
    dependency: "direct overridden"
    description:
      path: "/Users/huangrong/.pub-cache/git/sdk-54588cb8088890ea08fe1a31b95efe478a4609b5/pkg/wasm_builder/"
      relative: false
    source: path
    version: "0.0.0"
  watcher:
    dependency: transitive
    description:
      name: watcher
      sha256: "5bf046f41320ac97a469d506261797f35254fa61c641741ef32dacda98b7d39c"
      url: "https://pub.flutter-io.cn"
    source: hosted
    version: "1.1.3"
  web:
    dependency: transitive
    description:
      name: web
      sha256: "868d88a33d8a87b18ffc05f9f030ba328ffefba92d6c127917a2ba740f9cfe4a"
      url: "https://pub.flutter-io.cn"
    source: hosted
    version: "1.1.1"
  web_socket:
    dependency: transitive
    description:
      name: web_socket
      sha256: "34d64019aa8e36bf9842ac014bb5d2f5586ca73df5e4d9bf5c936975cae6982c"
      url: "https://pub.flutter-io.cn"
    source: hosted
    version: "1.0.1"
  web_socket_channel:
    dependency: transitive
    description:
      name: web_socket_channel
      sha256: d645757fb0f4773d602444000a8131ff5d48c9e47adfe9772652dd1a4f2d45c8
      url: "https://pub.flutter-io.cn"
    source: hosted
    version: "3.0.3"
  webdriver:
    dependency: transitive
    description:
      name: webdriver
      sha256: "2f3a14ca026957870cfd9c635b83507e0e51d8091568e90129fbf805aba7cade"
      url: "https://pub.flutter-io.cn"
    source: hosted
    version: "3.1.0"
  webkit_inspection_protocol:
    dependency: transitive
    description:
      name: webkit_inspection_protocol
      sha256: "87d3f2333bb240704cd3f1c6b5b7acd8a10e7f0bc28c28dcf14e782014f4a572"
      url: "https://pub.flutter-io.cn"
    source: hosted
    version: "1.2.1"
  yaml:
    dependency: transitive
    description:
      name: yaml
      sha256: b9da305ac7c39faa3f030eccd175340f968459dae4af175130b3fc47e40d76ce
      url: "https://pub.flutter-io.cn"
    source: hosted
    version: "3.1.3"
  yaml_edit:
    dependency: transitive
    description:
      name: yaml_edit
      sha256: fb38626579fb345ad00e674e2af3a5c9b0cc4b9bfb8fd7f7ff322c7c9e62aef5
      url: "https://pub.flutter-io.cn"
    source: hosted
    version: "2.2.2"
sdks:
  dart: ">=3.9.0 <4.0.0"
